Microsoft Visual Studio Solution File, Format Version 12.00
# Visual Studio Version 17
VisualStudioVersion = 17.5.2.0
MinimumVisualStudioVersion = 10.0.40219.1
Project("{FAE04EC0-301F-11D3-BF4B-00C04F79EFBC}") = "kechap", "kechap.csproj", "{5A5AB8A6-42B7-B02C-D035-E8032C1C37BB}"
EndProject
Global
	GlobalSection(SolutionConfigurationPlatforms) = preSolution
		Debug|Any CPU = Debug|Any CPU
		Release|Any CPU = Release|Any CPU
	EndGlobalSection
	GlobalSection(ProjectConfigurationPlatforms) = postSolution
		{5A5AB8A6-42B7-B02C-D035-E8032C1C37BB}.Debug|Any CPU.ActiveCfg = Debug|Any CPU
		{5A5AB8A6-42B7-B02C-D035-E8032C1C37BB}.Debug|Any CPU.Build.0 = Debug|Any CPU
		{5A5AB8A6-42B7-B02C-D035-E8032C1C37BB}.Release|Any CPU.ActiveCfg = Release|Any CPU
		{5A5AB8A6-42B7-B02C-D035-E8032C1C37BB}.Release|Any CPU.Build.0 = Release|Any CPU
	EndGlobalSection
	GlobalSection(SolutionProperties) = preSolution
		HideSolutionNode = FALSE
	EndGlobalSection
	GlobalSection(ExtensibilityGlobals) = postSolution
		SolutionGuid = {AB231800-4B19-4D2C-A243-E50B58D6369A}
	EndGlobalSection
EndGlobal
